# THIS IS AN AUTOGENERATED FILE. DO NOT EDIT THIS FILE DIRECTLY.
# yarn lockfile v1


ai-functions@^0.1.3:
  version "0.1.3"
  resolved "https://registry.yarnpkg.com/ai-functions/-/ai-functions-0.1.3.tgz#32ef25f7521c8a6a5dff43e22055faddc004e8d0"
  integrity sha512-BgjkNJHuIy1AoxdGdrJJVqZAYnZD7jeldk3p5vBtWczlYYa0o5dNnBqrkN9iaw+WkfaMhkqVUso5IdU6wDwLow==

schema-dts@^1.1.2:
  version "1.1.2"
  resolved "https://registry.yarnpkg.com/schema-dts/-/schema-dts-1.1.2.tgz#82ccf71b5dcb80065a1cc5941888507a4ce1e44b"
  integrity sha512-MpNwH0dZJHinVxk9bT8XUdjKTxMYrA5bLtrrGmFA6PTLwlOKnhi67XoRd6/ty+Djt6ZC0slR57qFhZDNMI6DhQ==

typescript@^5.2.2:
  version "5.2.2"
  resolved "https://registry.yarnpkg.com/typescript/-/typescript-5.2.2.tgz#5ebb5e5a5b75f085f22bc3f8460fba308310fa78"
  integrity sha512-mI4WrpHsbCIcwT9cF4FZvr80QUeKvsUsUvKDoR+X/7XHQH98xYD8YHZg7ANtz2GtZt/CBq2QJ0thkGJMHfqc1w==
